
Microsoft Visual Studio Solution File, Format Version 12.00
# Visual Studio Version 17
VisualStudioVersion = 17.5.33516.290
MinimumVisualStudioVersion = 10.0.40219.1
Project("{9A19103F-16F7-4668-BE54-9A1E7A4F7556}") = "AzToolbox", "AzToolbox\AzToolbox.csproj", "{CCB8EDE5-BD78-471B-B9A2-6574A36629A6}"
EndProject
Project("{9A19103F-16F7-4668-BE54-9A1E7A4F7556}") = "ProfileXMLBuilder.Lib", "..\ProfileXMLBuilder\ProfileXMLBuilder.Lib\ProfileXMLBuilder.Lib.csproj", "{D6ED36B1-E15B-4AA5-98C3-4F8922FBC44D}"
EndProject
Project("{9A19103F-16F7-4668-BE54-9A1E7A4F7556}") = "WfpXmlHelper", "..\WfpXmlHelper\WfpXmlHelper.csproj", "{D2927C58-E349-48DB-9B25-D09E12C8FA1F}"
EndProject
Project("{9A19103F-16F7-4668-BE54-9A1E7A4F7556}") = "KzA.Blazor.HexDump", "..\KzA.Blazor.HexDump\KzA.Blazor.HexDump.csproj", "{19075ECC-5FA9-4146-BC43-B0CCC2995EBC}"
EndProject
Project("{9A19103F-16F7-4668-BE54-9A1E7A4F7556}") = "KzA.Blazor.PacParser", "..\KzA.Blazor.PacParser\KzA.Blazor.PacParser.csproj", "{FA251D51-9E23-4522-A367-ADF68CB6C598}"
EndProject
Project("{9A19103F-16F7-4668-BE54-9A1E7A4F7556}") = "WinSdUtil.Lib", "..\WinSdUtil\WinSdUtil.Lib\WinSdUtil.Lib.csproj", "{3050421A-0CEB-4D78-8166-4495618BAE50}"
EndProject
Project("{2150E333-8FDC-42A3-9474-1A3956D46DE8}") = "Solution Items", "Solution Items", "{156630C4-DB6F-4805-8904-AF25F167CEF9}"
	ProjectSection(SolutionItems) = preProject
		README.MD = README.MD
	EndProjectSection
EndProject
Project("{9A19103F-16F7-4668-BE54-9A1E7A4F7556}") = "KzA.HEXEH.Core", "..\KzA.HEXEH\KzA.HEXEH.Core\KzA.HEXEH.Core.csproj", "{21AAFB30-6E2B-4DF5-A9A9-01BE7E589AB7}"
EndProject
Project("{9A19103F-16F7-4668-BE54-9A1E7A4F7556}") = "KzA.HEXEH.Base", "..\KzA.HEXEH\KzA.HEXEH.Base\KzA.HEXEH.Base.csproj", "{F63E739D-8884-4D60-A220-7E76C04539A6}"
EndProject
Global
	GlobalSection(SolutionConfigurationPlatforms) = preSolution
		Debug|Any CPU = Debug|Any CPU
		Debug|x64 = Debug|x64
		Release|Any CPU = Release|Any CPU
		Release|x64 = Release|x64
	EndGlobalSection
	GlobalSection(ProjectConfigurationPlatforms) = postSolution
		{CCB8EDE5-BD78-471B-B9A2-6574A36629A6}.Debug|Any CPU.ActiveCfg = Debug|Any CPU
		{CCB8EDE5-BD78-471B-B9A2-6574A36629A6}.Debug|Any CPU.Build.0 = Debug|Any CPU
		{CCB8EDE5-BD78-471B-B9A2-6574A36629A6}.Debug|x64.ActiveCfg = Debug|Any CPU
		{CCB8EDE5-BD78-471B-B9A2-6574A36629A6}.Debug|x64.Build.0 = Debug|Any CPU
		{CCB8EDE5-BD78-471B-B9A2-6574A36629A6}.Release|Any CPU.ActiveCfg = Release|Any CPU
		{CCB8EDE5-BD78-471B-B9A2-6574A36629A6}.Release|Any CPU.Build.0 = Release|Any CPU
		{CCB8EDE5-BD78-471B-B9A2-6574A36629A6}.Release|x64.ActiveCfg = Release|Any CPU
		{CCB8EDE5-BD78-471B-B9A2-6574A36629A6}.Release|x64.Build.0 = Release|Any CPU
		{D6ED36B1-E15B-4AA5-98C3-4F8922FBC44D}.Debug|Any CPU.ActiveCfg = Debug|Any CPU
		{D6ED36B1-E15B-4AA5-98C3-4F8922FBC44D}.Debug|Any CPU.Build.0 = Debug|Any CPU
		{D6ED36B1-E15B-4AA5-98C3-4F8922FBC44D}.Debug|x64.ActiveCfg = Debug|Any CPU
		{D6ED36B1-E15B-4AA5-98C3-4F8922FBC44D}.Debug|x64.Build.0 = Debug|Any CPU
		{D6ED36B1-E15B-4AA5-98C3-4F8922FBC44D}.Release|Any CPU.ActiveCfg = Release|Any CPU
		{D6ED36B1-E15B-4AA5-98C3-4F8922FBC44D}.Release|Any CPU.Build.0 = Release|Any CPU
		{D6ED36B1-E15B-4AA5-98C3-4F8922FBC44D}.Release|x64.ActiveCfg = Release|Any CPU
		{D6ED36B1-E15B-4AA5-98C3-4F8922FBC44D}.Release|x64.Build.0 = Release|Any CPU
		{D2927C58-E349-48DB-9B25-D09E12C8FA1F}.Debug|Any CPU.ActiveCfg = Debug|Any CPU
		{D2927C58-E349-48DB-9B25-D09E12C8FA1F}.Debug|Any CPU.Build.0 = Debug|Any CPU
		{D2927C58-E349-48DB-9B25-D09E12C8FA1F}.Debug|x64.ActiveCfg = Debug|Any CPU
		{D2927C58-E349-48DB-9B25-D09E12C8FA1F}.Debug|x64.Build.0 = Debug|Any CPU
		{D2927C58-E349-48DB-9B25-D09E12C8FA1F}.Release|Any CPU.ActiveCfg = Release|Any CPU
		{D2927C58-E349-48DB-9B25-D09E12C8FA1F}.Release|Any CPU.Build.0 = Release|Any CPU
		{D2927C58-E349-48DB-9B25-D09E12C8FA1F}.Release|x64.ActiveCfg = Release|Any CPU
		{D2927C58-E349-48DB-9B25-D09E12C8FA1F}.Release|x64.Build.0 = Release|Any CPU
		{19075ECC-5FA9-4146-BC43-B0CCC2995EBC}.Debug|Any CPU.ActiveCfg = Debug|Any CPU
		{19075ECC-5FA9-4146-BC43-B0CCC2995EBC}.Debug|Any CPU.Build.0 = Debug|Any CPU
		{19075ECC-5FA9-4146-BC43-B0CCC2995EBC}.Debug|x64.ActiveCfg = Debug|Any CPU
		{19075ECC-5FA9-4146-BC43-B0CCC2995EBC}.Debug|x64.Build.0 = Debug|Any CPU
		{19075ECC-5FA9-4146-BC43-B0CCC2995EBC}.Release|Any CPU.ActiveCfg = Release|Any CPU
		{19075ECC-5FA9-4146-BC43-B0CCC2995EBC}.Release|Any CPU.Build.0 = Release|Any CPU
		{19075ECC-5FA9-4146-BC43-B0CCC2995EBC}.Release|x64.ActiveCfg = Release|Any CPU
		{19075ECC-5FA9-4146-BC43-B0CCC2995EBC}.Release|x64.Build.0 = Release|Any CPU
		{FA251D51-9E23-4522-A367-ADF68CB6C598}.Debug|Any CPU.ActiveCfg = Debug|Any CPU
		{FA251D51-9E23-4522-A367-ADF68CB6C598}.Debug|Any CPU.Build.0 = Debug|Any CPU
		{FA251D51-9E23-4522-A367-ADF68CB6C598}.Debug|x64.ActiveCfg = Debug|Any CPU
		{FA251D51-9E23-4522-A367-ADF68CB6C598}.Debug|x64.Build.0 = Debug|Any CPU
		{FA251D51-9E23-4522-A367-ADF68CB6C598}.Release|Any CPU.ActiveCfg = Release|Any CPU
		{FA251D51-9E23-4522-A367-ADF68CB6C598}.Release|Any CPU.Build.0 = Release|Any CPU
		{FA251D51-9E23-4522-A367-ADF68CB6C598}.Release|x64.ActiveCfg = Release|Any CPU
		{FA251D51-9E23-4522-A367-ADF68CB6C598}.Release|x64.Build.0 = Release|Any CPU
		{3050421A-0CEB-4D78-8166-4495618BAE50}.Debug|Any CPU.ActiveCfg = Debug|Any CPU
		{3050421A-0CEB-4D78-8166-4495618BAE50}.Debug|Any CPU.Build.0 = Debug|Any CPU
		{3050421A-0CEB-4D78-8166-4495618BAE50}.Debug|x64.ActiveCfg = Debug|x64
		{3050421A-0CEB-4D78-8166-4495618BAE50}.Debug|x64.Build.0 = Debug|x64
		{3050421A-0CEB-4D78-8166-4495618BAE50}.Release|Any CPU.ActiveCfg = Release|Any CPU
		{3050421A-0CEB-4D78-8166-4495618BAE50}.Release|Any CPU.Build.0 = Release|Any CPU
		{3050421A-0CEB-4D78-8166-4495618BAE50}.Release|x64.ActiveCfg = Release|x64
		{3050421A-0CEB-4D78-8166-4495618BAE50}.Release|x64.Build.0 = Release|x64
		{21AAFB30-6E2B-4DF5-A9A9-01BE7E589AB7}.Debug|Any CPU.ActiveCfg = Debug|Any CPU
		{21AAFB30-6E2B-4DF5-A9A9-01BE7E589AB7}.Debug|Any CPU.Build.0 = Debug|Any CPU
		{21AAFB30-6E2B-4DF5-A9A9-01BE7E589AB7}.Debug|x64.ActiveCfg = Debug|Any CPU
		{21AAFB30-6E2B-4DF5-A9A9-01BE7E589AB7}.Debug|x64.Build.0 = Debug|Any CPU
		{21AAFB30-6E2B-4DF5-A9A9-01BE7E589AB7}.Release|Any CPU.ActiveCfg = Release|Any CPU
		{21AAFB30-6E2B-4DF5-A9A9-01BE7E589AB7}.Release|Any CPU.Build.0 = Release|Any CPU
		{21AAFB30-6E2B-4DF5-A9A9-01BE7E589AB7}.Release|x64.ActiveCfg = Release|Any CPU
		{21AAFB30-6E2B-4DF5-A9A9-01BE7E589AB7}.Release|x64.Build.0 = Release|Any CPU
		{F63E739D-8884-4D60-A220-7E76C04539A6}.Debug|Any CPU.ActiveCfg = Debug|Any CPU
		{F63E739D-8884-4D60-A220-7E76C04539A6}.Debug|Any CPU.Build.0 = Debug|Any CPU
		{F63E739D-8884-4D60-A220-7E76C04539A6}.Debug|x64.ActiveCfg = Debug|Any CPU
		{F63E739D-8884-4D60-A220-7E76C04539A6}.Debug|x64.Build.0 = Debug|Any CPU
		{F63E739D-8884-4D60-A220-7E76C04539A6}.Release|Any CPU.ActiveCfg = Release|Any CPU
		{F63E739D-8884-4D60-A220-7E76C04539A6}.Release|Any CPU.Build.0 = Release|Any CPU
		{F63E739D-8884-4D60-A220-7E76C04539A6}.Release|x64.ActiveCfg = Release|Any CPU
		{F63E739D-8884-4D60-A220-7E76C04539A6}.Release|x64.Build.0 = Release|Any CPU
	EndGlobalSection
	GlobalSection(SolutionProperties) = preSolution
		HideSolutionNode = FALSE
	EndGlobalSection
	GlobalSection(ExtensibilityGlobals) = postSolution
		SolutionGuid = {242FDAA3-86BF-4E9F-8514-E2E064FD188E}
	EndGlobalSection
EndGlobal
